
Microsoft Visual Studio Solution File, Format Version 12.00
# Visual Studio Version 17
VisualStudioVersion = 17.2.32602.215
MinimumVisualStudioVersion = 10.0.40219.1
Project("{FAE04EC0-301F-11D3-BF4B-00C04F79EFBC}") = "CanadianEmbassyForm", "CanadianEmbassyForm\CanadianEmbassyForm.csproj", "{4D57D32E-5BA4-4A60-B32F-03C2D9F8D648}"
EndProject
Global
	GlobalSection(SolutionConfigurationPlatforms) = preSolution
		Debug|Any CPU = Debug|Any CPU
		Release|Any CPU = Release|Any CPU
	EndGlobalSection
	GlobalSection(ProjectConfigurationPlatforms) = postSolution
		{4D57D32E-5BA4-4A60-B32F-03C2D9F8D648}.Debug|Any CPU.ActiveCfg = Debug|Any CPU
		{4D57D32E-5BA4-4A60-B32F-03C2D9F8D648}.Debug|Any CPU.Build.0 = Debug|Any CPU
		{4D57D32E-5BA4-4A60-B32F-03C2D9F8D648}.Release|Any CPU.ActiveCfg = Release|Any CPU
		{4D57D32E-5BA4-4A60-B32F-03C2D9F8D648}.Release|Any CPU.Build.0 = Release|Any CPU
	EndGlobalSection
	GlobalSection(SolutionProperties) = preSolution
		HideSolutionNode = FALSE
	EndGlobalSection
	GlobalSection(ExtensibilityGlobals) = postSolution
		SolutionGuid = {9EB87A2D-639D-403D-A2F0-C1174E5FEB9B}
	EndGlobalSection
EndGlobal
